{
  "name": "hono-sse-repro",
  "version": "1.0.0",
  "lockfileVersion": 3,
  "requires": true,
  "packages": {
    "": {
      "name": "hono-sse-repro",
      "version": "1.0.0",
      "license": "ISC",
      "dependencies": {
        "@hono/node-server": "^1.11.4",
        "hono": "^4.4.7"
      }
    },
    "node_modules/@hono/node-server": {
      "version": "1.11.4",
      "resolved": "https://registry.npmjs.org/@hono/node-server/-/node-server-1.11.4.tgz",
      "integrity": "sha512-8TOiiiAqcFC6f62P7M9p6adQREAlWdVi1awehAwgWW+3R65/rKzHnLARO/Hu/466z01VNViBoogqatqXJMyItA==",
      "engines": {
        "node": ">=18.14.1"
      }
    },
    "node_modules/hono": {
      "version": "4.4.7",
      "resolved": "https://registry.npmjs.org/hono/-/hono-4.4.7.tgz",
      "integrity": "sha512-WoQWFQyVFEVRtIzP5sHPv7nvIw+RYL/HRnvnOCDxj6A+BtrwuC9S0vryZbV4IyFcNgOJ87r/phDiC1x2eEo4Gg==",
      "engines": {
        "node": ">=16.0.0"
      }
    }
  }
}
